
Microsoft Visual Studio Solution File, Format Version 12.00
# Visual Studio 2015
Project("{FAE04EC0-301F-11D3-BF4B-00C04F79EFBC}") = "DengerousBike", "DengerousBike.csproj", "{4626755A-B496-FB28-1561-969A0299586C}"
EndProject
Global
	GlobalSection(SolutionConfigurationPlatforms) = preSolution
		Debug|Any CPU = Debug|Any CPU
		Release|Any CPU = Release|Any CPU
	EndGlobalSection
	GlobalSection(ProjectConfigurationPlatforms) = postSolution
		{4626755A-B496-FB28-1561-969A0299586C}.Debug|Any CPU.ActiveCfg = Debug|Any CPU
		{4626755A-B496-FB28-1561-969A0299586C}.Debug|Any CPU.Build.0 = Debug|Any CPU
		{4626755A-B496-FB28-1561-969A0299586C}.Release|Any CPU.ActiveCfg = Release|Any CPU
		{4626755A-B496-FB28-1561-969A0299586C}.Release|Any CPU.Build.0 = Release|Any CPU
	EndGlobalSection
	GlobalSection(SolutionProperties) = preSolution
		HideSolutionNode = FALSE
	EndGlobalSection
EndGlobal
